
Microsoft Visual Studio Solution File, Format Version 12.00
# Visual Studio Version 17
VisualStudioVersion = 17.7.34031.279
MinimumVisualStudioVersion = 10.0.40219.1
Project("{2150E333-8FDC-42A3-9474-1A3956D46DE8}") = "Task0", "Task0", "{F573C20D-FF49-4AF5-9350-E946AF24965E}"
EndProject
Project("{FAE04EC0-301F-11D3-BF4B-00C04F79EFBC}") = "Tyuiu.KhasanovRV.Sprint6.Task0.V6.Lib", "Tyuiu.KhasanovRV.Sprint6.Task0.V6.Lib\Tyuiu.KhasanovRV.Sprint6.Task0.V6.Lib.csproj", "{D87E4393-ABE2-400E-97B3-CBE971E1C91D}"
EndProject
Project("{FAE04EC0-301F-11D3-BF4B-00C04F79EFBC}") = "Tyuiu.KhasanovRV.Sprint6.Task0.V6.Test", "Tyuiu.KhasanovRV.Sprint6.Task0.V6.Test\Tyuiu.KhasanovRV.Sprint6.Task0.V6.Test.csproj", "{F8796E26-5BA2-4A3D-AD15-F2CE5B2AF2F0}"
EndProject
Project("{FAE04EC0-301F-11D3-BF4B-00C04F79EFBC}") = "Tyuiu.KhasanovRV.Sprint6.Task0.V6", "Tyuiu.KhasanovRV.Sprint6.Task0.V6\Tyuiu.KhasanovRV.Sprint6.Task0.V6.csproj", "{34737069-D12D-4177-9350-075783BA44BD}"
EndProject
Project("{2150E333-8FDC-42A3-9474-1A3956D46DE8}") = "Task1", "Task1", "{9C35B232-EB65-4D6D-A59C-FB8B712F1D01}"
EndProject
Project("{FAE04EC0-301F-11D3-BF4B-00C04F79EFBC}") = "Tyuiu.KhasanovRV.Sprint6.Task1.V2.Lib", "Tyuiu.KhasanovRV.Sprint6.Task1.V2.Lib\Tyuiu.KhasanovRV.Sprint6.Task1.V2.Lib.csproj", "{DB94E7BD-3C92-4C38-A485-659084FDF872}"
EndProject
Project("{FAE04EC0-301F-11D3-BF4B-00C04F79EFBC}") = "Tyuiu.KhasanovRV.Sprint6.Task1.V2.Test", "Tyuiu.KhasanovRV.Sprint6.Task1.V2.Test\Tyuiu.KhasanovRV.Sprint6.Task1.V2.Test.csproj", "{9630536B-7427-44D3-8A43-9A3FED7BAB33}"
EndProject
Project("{FAE04EC0-301F-11D3-BF4B-00C04F79EFBC}") = "Tyuiu.KhasanovRV.Sprint6.Task1.V2", "Tyuiu.KhasanovRV.Sprint6.Task1.V2\Tyuiu.KhasanovRV.Sprint6.Task1.V2.csproj", "{411811C2-5266-4D5E-88EA-79A4A814DBDE}"
EndProject
Project("{2150E333-8FDC-42A3-9474-1A3956D46DE8}") = "Task2", "Task2", "{960943D4-2631-44D5-8E4A-1B21A5C0E6E6}"
EndProject
Project("{FAE04EC0-301F-11D3-BF4B-00C04F79EFBC}") = "Tyuiu.KhasanovRV.Sprint6.Task2.V23.Lib", "Tyuiu.KhasanovRV.Sprint6.Task2.V23.Lib\Tyuiu.KhasanovRV.Sprint6.Task2.V23.Lib.csproj", "{74D2BCF0-7EDB-423F-8E08-AC0CF02A266F}"
EndProject
Project("{FAE04EC0-301F-11D3-BF4B-00C04F79EFBC}") = "Tyuiu.KhasanovRV.Sprint6.Task2.V23.Test", "Tyuiu.KhasanovRV.Sprint6.Task2.V23.Test\Tyuiu.KhasanovRV.Sprint6.Task2.V23.Test.csproj", "{32F837C3-3B5C-4EA1-BFD3-C4D8DE04A7D0}"
EndProject
Project("{FAE04EC0-301F-11D3-BF4B-00C04F79EFBC}") = "Tyuiu.KhasanovRV.Sprint6.Task2.V23", "Tyuiu.KhasanovRV.Sprint6.Task2.V23\Tyuiu.KhasanovRV.Sprint6.Task2.V23.csproj", "{2EC996A4-F3A0-4745-8C6D-38DAB078CB0C}"
EndProject
Project("{2150E333-8FDC-42A3-9474-1A3956D46DE8}") = "Task3", "Task3", "{87C07C3A-AA0D-42DC-B9A4-D4486DD1F081}"
EndProject
Project("{FAE04EC0-301F-11D3-BF4B-00C04F79EFBC}") = "Tyuiu.KhasanovRV.Sprint6.Task3.V27.Lib", "Tyuiu.KhasanovRV.Sprint6.Task3.V27.Lib\Tyuiu.KhasanovRV.Sprint6.Task3.V27.Lib.csproj", "{0936D677-B35E-4E2A-B1EE-93310A16AE0B}"
EndProject
Project("{FAE04EC0-301F-11D3-BF4B-00C04F79EFBC}") = "Tyuiu.KhasanovRV.Sprint6.Task3.V27.Test", "Tyuiu.KhasanovRV.Sprint6.Task3.V27.Test\Tyuiu.KhasanovRV.Sprint6.Task3.V27.Test.csproj", "{37241C9D-0508-4A0D-AA78-88684FC5B522}"
EndProject
Project("{FAE04EC0-301F-11D3-BF4B-00C04F79EFBC}") = "Tyuiu.KhasanovRV.Sprint6.Task3.V27", "Tyuiu.KhasanovRV.Sprint6.Task3.V27\Tyuiu.KhasanovRV.Sprint6.Task3.V27.csproj", "{365257B5-FE97-4B4C-93F4-3DC1B75B3275}"
EndProject
Project("{2150E333-8FDC-42A3-9474-1A3956D46DE8}") = "Task4", "Task4", "{A0BA5ECF-BC04-45E6-9232-1CE81F515715}"
EndProject
Project("{FAE04EC0-301F-11D3-BF4B-00C04F79EFBC}") = "Tyuiu.KhasanovRV.Sprint6.Task4.V10.Lib", "Tyuiu.KhasanovRV.Sprint6.Task4.V10.Lib\Tyuiu.KhasanovRV.Sprint6.Task4.V10.Lib.csproj", "{A1D7E010-7BC6-4D2C-99F3-A01EB2060B49}"
EndProject
Project("{FAE04EC0-301F-11D3-BF4B-00C04F79EFBC}") = "Tyuiu.KhasanovRV.Sprint6.Task4.V10.Test", "Tyuiu.KhasanovRV.Sprint6.Task4.V10.Test\Tyuiu.KhasanovRV.Sprint6.Task4.V10.Test.csproj", "{399603B5-E7C2-47C6-B04B-3AEE99E14DE9}"
EndProject
Project("{FAE04EC0-301F-11D3-BF4B-00C04F79EFBC}") = "Tyuiu.KhasanovRV.Sprint6.Task4.V10", "Tyuiu.KhasanovRV.Sprint6.Task4.V10\Tyuiu.KhasanovRV.Sprint6.Task4.V10.csproj", "{72C37C4C-9033-4DD1-9EDD-75F60BE8DEFA}"
EndProject
Project("{2150E333-8FDC-42A3-9474-1A3956D46DE8}") = "Task5", "Task5", "{D81DACF5-9D07-4CBD-A987-CFD6B106E46B}"
EndProject
Project("{FAE04EC0-301F-11D3-BF4B-00C04F79EFBC}") = "Tyuiu.KhasanovRV.Sprint6.Task5.V6.Lib", "Tyuiu.KhasanovRV.Sprint6.Task5.V6.Lib\Tyuiu.KhasanovRV.Sprint6.Task5.V6.Lib.csproj", "{5AA2C28E-C71B-404E-804F-A9A5391CED3A}"
EndProject
Project("{FAE04EC0-301F-11D3-BF4B-00C04F79EFBC}") = "Tyuiu.KhasanovRV.Sprint6.Task5.V6.Test", "Tyuiu.KhasanovRV.Sprint6.Task5.V6.Test\Tyuiu.KhasanovRV.Sprint6.Task5.V6.Test.csproj", "{9FD61BED-068A-45D8-9670-67A9E59D1CF2}"
EndProject
Project("{FAE04EC0-301F-11D3-BF4B-00C04F79EFBC}") = "Tyuiu.KhasanovRV.Sprint6.Task5.V6", "Tyuiu.KhasanovRV.Sprint6.Task5.V6\Tyuiu.KhasanovRV.Sprint6.Task5.V6.csproj", "{F1F96E71-9F5F-4E65-9FED-E778306CBFD0}"
EndProject
Project("{2150E333-8FDC-42A3-9474-1A3956D46DE8}") = "Task6", "Task6", "{FB6D9DE3-F88E-4C41-9460-E8D3FB5AE023}"
EndProject
Project("{FAE04EC0-301F-11D3-BF4B-00C04F79EFBC}") = "Tyuiu.KhasanovRV.Sprint6.Task6.V24.Lib", "Tyuiu.KhasanovRV.Sprint6.Task6.V24.Lib\Tyuiu.KhasanovRV.Sprint6.Task6.V24.Lib.csproj", "{8405F619-99D2-4251-B257-AE9E867EE95D}"
EndProject
Project("{FAE04EC0-301F-11D3-BF4B-00C04F79EFBC}") = "Tyuiu.KhasanovRV.Sprint6.Task6.V24.Test", "Tyuiu.KhasanovRV.Sprint6.Task6.V24.Test\Tyuiu.KhasanovRV.Sprint6.Task6.V24.Test.csproj", "{064BA661-27E4-451B-AB2B-162D8DDF4BCD}"
EndProject
Project("{FAE04EC0-301F-11D3-BF4B-00C04F79EFBC}") = "Tyuiu.KhasanovRV.Sprint6.Task6.V24", "Tyuiu.KhasanovRV.Sprint6.Task6.V24\Tyuiu.KhasanovRV.Sprint6.Task6.V24.csproj", "{8DE7931D-7378-4DB0-A455-EFE17AB5CB39}"
EndProject
Global
	GlobalSection(SolutionConfigurationPlatforms) = preSolution
		Debug|Any CPU = Debug|Any CPU
		Release|Any CPU = Release|Any CPU
	EndGlobalSection
	GlobalSection(ProjectConfigurationPlatforms) = postSolution
		{D87E4393-ABE2-400E-97B3-CBE971E1C91D}.Debug|Any CPU.ActiveCfg = Debug|Any CPU
		{D87E4393-ABE2-400E-97B3-CBE971E1C91D}.Debug|Any CPU.Build.0 = Debug|Any CPU
		{D87E4393-ABE2-400E-97B3-CBE971E1C91D}.Release|Any CPU.ActiveCfg = Release|Any CPU
		{D87E4393-ABE2-400E-97B3-CBE971E1C91D}.Release|Any CPU.Build.0 = Release|Any CPU
		{F8796E26-5BA2-4A3D-AD15-F2CE5B2AF2F0}.Debug|Any CPU.ActiveCfg = Debug|Any CPU
		{F8796E26-5BA2-4A3D-AD15-F2CE5B2AF2F0}.Debug|Any CPU.Build.0 = Debug|Any CPU
		{F8796E26-5BA2-4A3D-AD15-F2CE5B2AF2F0}.Release|Any CPU.ActiveCfg = Release|Any CPU
		{F8796E26-5BA2-4A3D-AD15-F2CE5B2AF2F0}.Release|Any CPU.Build.0 = Release|Any CPU
		{34737069-D12D-4177-9350-075783BA44BD}.Debug|Any CPU.ActiveCfg = Debug|Any CPU
		{34737069-D12D-4177-9350-075783BA44BD}.Debug|Any CPU.Build.0 = Debug|Any CPU
		{34737069-D12D-4177-9350-075783BA44BD}.Release|Any CPU.ActiveCfg = Release|Any CPU
		{34737069-D12D-4177-9350-075783BA44BD}.Release|Any CPU.Build.0 = Release|Any CPU
		{DB94E7BD-3C92-4C38-A485-659084FDF872}.Debug|Any CPU.ActiveCfg = Debug|Any CPU
		{DB94E7BD-3C92-4C38-A485-659084FDF872}.Debug|Any CPU.Build.0 = Debug|Any CPU
		{DB94E7BD-3C92-4C38-A485-659084FDF872}.Release|Any CPU.ActiveCfg = Release|Any CPU
		{DB94E7BD-3C92-4C38-A485-659084FDF872}.Release|Any CPU.Build.0 = Release|Any CPU
		{9630536B-7427-44D3-8A43-9A3FED7BAB33}.Debug|Any CPU.ActiveCfg = Debug|Any CPU
		{9630536B-7427-44D3-8A43-9A3FED7BAB33}.Debug|Any CPU.Build.0 = Debug|Any CPU
		{9630536B-7427-44D3-8A43-9A3FED7BAB33}.Release|Any CPU.ActiveCfg = Release|Any CPU
		{9630536B-7427-44D3-8A43-9A3FED7BAB33}.Release|Any CPU.Build.0 = Release|Any CPU
		{411811C2-5266-4D5E-88EA-79A4A814DBDE}.Debug|Any CPU.ActiveCfg = Debug|Any CPU
		{411811C2-5266-4D5E-88EA-79A4A814DBDE}.Debug|Any CPU.Build.0 = Debug|Any CPU
		{411811C2-5266-4D5E-88EA-79A4A814DBDE}.Release|Any CPU.ActiveCfg = Release|Any CPU
		{411811C2-5266-4D5E-88EA-79A4A814DBDE}.Release|Any CPU.Build.0 = Release|Any CPU
		{74D2BCF0-7EDB-423F-8E08-AC0CF02A266F}.Debug|Any CPU.ActiveCfg = Debug|Any CPU
		{74D2BCF0-7EDB-423F-8E08-AC0CF02A266F}.Debug|Any CPU.Build.0 = Debug|Any CPU
		{74D2BCF0-7EDB-423F-8E08-AC0CF02A266F}.Release|Any CPU.ActiveCfg = Release|Any CPU
		{74D2BCF0-7EDB-423F-8E08-AC0CF02A266F}.Release|Any CPU.Build.0 = Release|Any CPU
		{32F837C3-3B5C-4EA1-BFD3-C4D8DE04A7D0}.Debug|Any CPU.ActiveCfg = Debug|Any CPU
		{32F837C3-3B5C-4EA1-BFD3-C4D8DE04A7D0}.Debug|Any CPU.Build.0 = Debug|Any CPU
		{32F837C3-3B5C-4EA1-BFD3-C4D8DE04A7D0}.Release|Any CPU.ActiveCfg = Release|Any CPU
		{32F837C3-3B5C-4EA1-BFD3-C4D8DE04A7D0}.Release|Any CPU.Build.0 = Release|Any CPU
		{2EC996A4-F3A0-4745-8C6D-38DAB078CB0C}.Debug|Any CPU.ActiveCfg = Debug|Any CPU
		{2EC996A4-F3A0-4745-8C6D-38DAB078CB0C}.Debug|Any CPU.Build.0 = Debug|Any CPU
		{2EC996A4-F3A0-4745-8C6D-38DAB078CB0C}.Release|Any CPU.ActiveCfg = Release|Any CPU
		{2EC996A4-F3A0-4745-8C6D-38DAB078CB0C}.Release|Any CPU.Build.0 = Release|Any CPU
		{0936D677-B35E-4E2A-B1EE-93310A16AE0B}.Debug|Any CPU.ActiveCfg = Debug|Any CPU
		{0936D677-B35E-4E2A-B1EE-93310A16AE0B}.Debug|Any CPU.Build.0 = Debug|Any CPU
		{0936D677-B35E-4E2A-B1EE-93310A16AE0B}.Release|Any CPU.ActiveCfg = Release|Any CPU
		{0936D677-B35E-4E2A-B1EE-93310A16AE0B}.Release|Any CPU.Build.0 = Release|Any CPU
		{37241C9D-0508-4A0D-AA78-88684FC5B522}.Debug|Any CPU.ActiveCfg = Debug|Any CPU
		{37241C9D-0508-4A0D-AA78-88684FC5B522}.Debug|Any CPU.Build.0 = Debug|Any CPU
		{37241C9D-0508-4A0D-AA78-88684FC5B522}.Release|Any CPU.ActiveCfg = Release|Any CPU
		{37241C9D-0508-4A0D-AA78-88684FC5B522}.Release|Any CPU.Build.0 = Release|Any CPU
		{365257B5-FE97-4B4C-93F4-3DC1B75B3275}.Debug|Any CPU.ActiveCfg = Debug|Any CPU
		{365257B5-FE97-4B4C-93F4-3DC1B75B3275}.Debug|Any CPU.Build.0 = Debug|Any CPU
		{365257B5-FE97-4B4C-93F4-3DC1B75B3275}.Release|Any CPU.ActiveCfg = Release|Any CPU
		{365257B5-FE97-4B4C-93F4-3DC1B75B3275}.Release|Any CPU.Build.0 = Release|Any CPU
		{A1D7E010-7BC6-4D2C-99F3-A01EB2060B49}.Debug|Any CPU.ActiveCfg = Debug|Any CPU
		{A1D7E010-7BC6-4D2C-99F3-A01EB2060B49}.Debug|Any CPU.Build.0 = Debug|Any CPU
		{A1D7E010-7BC6-4D2C-99F3-A01EB2060B49}.Release|Any CPU.ActiveCfg = Release|Any CPU
		{A1D7E010-7BC6-4D2C-99F3-A01EB2060B49}.Release|Any CPU.Build.0 = Release|Any CPU
		{399603B5-E7C2-47C6-B04B-3AEE99E14DE9}.Debug|Any CPU.ActiveCfg = Debug|Any CPU
		{399603B5-E7C2-47C6-B04B-3AEE99E14DE9}.Debug|Any CPU.Build.0 = Debug|Any CPU
		{399603B5-E7C2-47C6-B04B-3AEE99E14DE9}.Release|Any CPU.ActiveCfg = Release|Any CPU
		{399603B5-E7C2-47C6-B04B-3AEE99E14DE9}.Release|Any CPU.Build.0 = Release|Any CPU
		{72C37C4C-9033-4DD1-9EDD-75F60BE8DEFA}.Debug|Any CPU.ActiveCfg = Debug|Any CPU
		{72C37C4C-9033-4DD1-9EDD-75F60BE8DEFA}.Debug|Any CPU.Build.0 = Debug|Any CPU
		{72C37C4C-9033-4DD1-9EDD-75F60BE8DEFA}.Release|Any CPU.ActiveCfg = Release|Any CPU
		{72C37C4C-9033-4DD1-9EDD-75F60BE8DEFA}.Release|Any CPU.Build.0 = Release|Any CPU
		{5AA2C28E-C71B-404E-804F-A9A5391CED3A}.Debug|Any CPU.ActiveCfg = Debug|Any CPU
		{5AA2C28E-C71B-404E-804F-A9A5391CED3A}.Debug|Any CPU.Build.0 = Debug|Any CPU
		{5AA2C28E-C71B-404E-804F-A9A5391CED3A}.Release|Any CPU.ActiveCfg = Release|Any CPU
		{5AA2C28E-C71B-404E-804F-A9A5391CED3A}.Release|Any CPU.Build.0 = Release|Any CPU
		{9FD61BED-068A-45D8-9670-67A9E59D1CF2}.Debug|Any CPU.ActiveCfg = Debug|Any CPU
		{9FD61BED-068A-45D8-9670-67A9E59D1CF2}.Debug|Any CPU.Build.0 = Debug|Any CPU
		{9FD61BED-068A-45D8-9670-67A9E59D1CF2}.Release|Any CPU.ActiveCfg = Release|Any CPU
		{9FD61BED-068A-45D8-9670-67A9E59D1CF2}.Release|Any CPU.Build.0 = Release|Any CPU
		{F1F96E71-9F5F-4E65-9FED-E778306CBFD0}.Debug|Any CPU.ActiveCfg = Debug|Any CPU
		{F1F96E71-9F5F-4E65-9FED-E778306CBFD0}.Debug|Any CPU.Build.0 = Debug|Any CPU
		{F1F96E71-9F5F-4E65-9FED-E778306CBFD0}.Release|Any CPU.ActiveCfg = Release|Any CPU
		{F1F96E71-9F5F-4E65-9FED-E778306CBFD0}.Release|Any CPU.Build.0 = Release|Any CPU
		{8405F619-99D2-4251-B257-AE9E867EE95D}.Debug|Any CPU.ActiveCfg = Debug|Any CPU
		{8405F619-99D2-4251-B257-AE9E867EE95D}.Debug|Any CPU.Build.0 = Debug|Any CPU
		{8405F619-99D2-4251-B257-AE9E867EE95D}.Release|Any CPU.ActiveCfg = Release|Any CPU
		{8405F619-99D2-4251-B257-AE9E867EE95D}.Release|Any CPU.Build.0 = Release|Any CPU
		{064BA661-27E4-451B-AB2B-162D8DDF4BCD}.Debug|Any CPU.ActiveCfg = Debug|Any CPU
		{064BA661-27E4-451B-AB2B-162D8DDF4BCD}.Debug|Any CPU.Build.0 = Debug|Any CPU
		{064BA661-27E4-451B-AB2B-162D8DDF4BCD}.Release|Any CPU.ActiveCfg = Release|Any CPU
		{064BA661-27E4-451B-AB2B-162D8DDF4BCD}.Release|Any CPU.Build.0 = Release|Any CPU
		{8DE7931D-7378-4DB0-A455-EFE17AB5CB39}.Debug|Any CPU.ActiveCfg = Debug|Any CPU
		{8DE7931D-7378-4DB0-A455-EFE17AB5CB39}.Debug|Any CPU.Build.0 = Debug|Any CPU
		{8DE7931D-7378-4DB0-A455-EFE17AB5CB39}.Release|Any CPU.ActiveCfg = Release|Any CPU
		{8DE7931D-7378-4DB0-A455-EFE17AB5CB39}.Release|Any CPU.Build.0 = Release|Any CPU
	EndGlobalSection
	GlobalSection(SolutionProperties) = preSolution
		HideSolutionNode = FALSE
	EndGlobalSection
	GlobalSection(NestedProjects) = preSolution
		{D87E4393-ABE2-400E-97B3-CBE971E1C91D} = {F573C20D-FF49-4AF5-9350-E946AF24965E}
		{F8796E26-5BA2-4A3D-AD15-F2CE5B2AF2F0} = {F573C20D-FF49-4AF5-9350-E946AF24965E}
		{34737069-D12D-4177-9350-075783BA44BD} = {F573C20D-FF49-4AF5-9350-E946AF24965E}
		{DB94E7BD-3C92-4C38-A485-659084FDF872} = {9C35B232-EB65-4D6D-A59C-FB8B712F1D01}
		{9630536B-7427-44D3-8A43-9A3FED7BAB33} = {9C35B232-EB65-4D6D-A59C-FB8B712F1D01}
		{411811C2-5266-4D5E-88EA-79A4A814DBDE} = {9C35B232-EB65-4D6D-A59C-FB8B712F1D01}
		{74D2BCF0-7EDB-423F-8E08-AC0CF02A266F} = {960943D4-2631-44D5-8E4A-1B21A5C0E6E6}
		{32F837C3-3B5C-4EA1-BFD3-C4D8DE04A7D0} = {960943D4-2631-44D5-8E4A-1B21A5C0E6E6}
		{2EC996A4-F3A0-4745-8C6D-38DAB078CB0C} = {960943D4-2631-44D5-8E4A-1B21A5C0E6E6}
		{0936D677-B35E-4E2A-B1EE-93310A16AE0B} = {87C07C3A-AA0D-42DC-B9A4-D4486DD1F081}
		{37241C9D-0508-4A0D-AA78-88684FC5B522} = {87C07C3A-AA0D-42DC-B9A4-D4486DD1F081}
		{365257B5-FE97-4B4C-93F4-3DC1B75B3275} = {87C07C3A-AA0D-42DC-B9A4-D4486DD1F081}
		{A1D7E010-7BC6-4D2C-99F3-A01EB2060B49} = {A0BA5ECF-BC04-45E6-9232-1CE81F515715}
		{399603B5-E7C2-47C6-B04B-3AEE99E14DE9} = {A0BA5ECF-BC04-45E6-9232-1CE81F515715}
		{72C37C4C-9033-4DD1-9EDD-75F60BE8DEFA} = {A0BA5ECF-BC04-45E6-9232-1CE81F515715}
		{5AA2C28E-C71B-404E-804F-A9A5391CED3A} = {D81DACF5-9D07-4CBD-A987-CFD6B106E46B}
		{9FD61BED-068A-45D8-9670-67A9E59D1CF2} = {D81DACF5-9D07-4CBD-A987-CFD6B106E46B}
		{F1F96E71-9F5F-4E65-9FED-E778306CBFD0} = {D81DACF5-9D07-4CBD-A987-CFD6B106E46B}
		{8405F619-99D2-4251-B257-AE9E867EE95D} = {FB6D9DE3-F88E-4C41-9460-E8D3FB5AE023}
		{064BA661-27E4-451B-AB2B-162D8DDF4BCD} = {FB6D9DE3-F88E-4C41-9460-E8D3FB5AE023}
		{8DE7931D-7378-4DB0-A455-EFE17AB5CB39} = {FB6D9DE3-F88E-4C41-9460-E8D3FB5AE023}
	EndGlobalSection
	GlobalSection(ExtensibilityGlobals) = postSolution
		SolutionGuid = {880A726C-0E48-4EF1-989A-744656902753}
	EndGlobalSection
EndGlobal
